
Microsoft Visual Studio Solution File, Format Version 12.00
# Visual Studio Version 17
VisualStudioVersion = 17.3.32819.101
MinimumVisualStudioVersion = 10.0.40219.1
Project("{8BC9CEB8-8B4A-11D0-8D11-00A0C91BC942}") = "TwoInts", "TwoInts\TwoInts.vcxproj", "{3D916F8C-E47C-4338-B49E-8B22D867CD59}"
EndProject
Project("{8BC9CEB8-8B4A-11D0-8D11-00A0C91BC942}") = "DataTypes", "DataTypes\DataTypes.vcxproj", "{DD8B3419-11A1-4AC3-8990-505EC9F322A8}"
EndProject
Project("{8BC9CEB8-8B4A-11D0-8D11-00A0C91BC942}") = "MealCost", "MealCost\MealCost.vcxproj", "{B735352A-D1C8-4FEF-9714-760A20ADEB87}"
EndProject
Project("{8BC9CEB8-8B4A-11D0-8D11-00A0C91BC942}") = "DollarsAndCents", "DollarsAndCents\DollarsAndCents.vcxproj", "{98235D3E-C197-47E8-81AE-2452C5BB7A60}"
EndProject
Project("{8BC9CEB8-8B4A-11D0-8D11-00A0C91BC942}") = "ThreeGrades", "ThreeGrades\ThreeGrades.vcxproj", "{273EA48B-4349-42AF-8D2B-11035518099A}"
EndProject
Project("{8BC9CEB8-8B4A-11D0-8D11-00A0C91BC942}") = "ShippingCost", "ShippingCost\ShippingCost.vcxproj", "{43795CC2-AFCC-4E07-8278-CE51F224216D}"
EndProject
Project("{8BC9CEB8-8B4A-11D0-8D11-00A0C91BC942}") = "ShippingCostModified", "ShippingCostModified\ShippingCostModified.vcxproj", "{C5D1FD1D-347C-4D1E-95B8-DAE3D218F79B}"
EndProject
Project("{8BC9CEB8-8B4A-11D0-8D11-00A0C91BC942}") = "ErrorsOneReturn", "ErrorsOneReturn\ErrorsOneReturn.vcxproj", "{07454AF6-1DC6-4CA7-ABDC-B85709177F8B}"
EndProject
Global
	GlobalSection(SolutionConfigurationPlatforms) = preSolution
		Debug|x64 = Debug|x64
		Debug|x86 = Debug|x86
		Release|x64 = Release|x64
		Release|x86 = Release|x86
	EndGlobalSection
	GlobalSection(ProjectConfigurationPlatforms) = postSolution
		{3D916F8C-E47C-4338-B49E-8B22D867CD59}.Debug|x64.ActiveCfg = Debug|x64
		{3D916F8C-E47C-4338-B49E-8B22D867CD59}.Debug|x64.Build.0 = Debug|x64
		{3D916F8C-E47C-4338-B49E-8B22D867CD59}.Debug|x86.ActiveCfg = Debug|Win32
		{3D916F8C-E47C-4338-B49E-8B22D867CD59}.Debug|x86.Build.0 = Debug|Win32
		{3D916F8C-E47C-4338-B49E-8B22D867CD59}.Release|x64.ActiveCfg = Release|x64
		{3D916F8C-E47C-4338-B49E-8B22D867CD59}.Release|x64.Build.0 = Release|x64
		{3D916F8C-E47C-4338-B49E-8B22D867CD59}.Release|x86.ActiveCfg = Release|Win32
		{3D916F8C-E47C-4338-B49E-8B22D867CD59}.Release|x86.Build.0 = Release|Win32
		{DD8B3419-11A1-4AC3-8990-505EC9F322A8}.Debug|x64.ActiveCfg = Debug|x64
		{DD8B3419-11A1-4AC3-8990-505EC9F322A8}.Debug|x64.Build.0 = Debug|x64
		{DD8B3419-11A1-4AC3-8990-505EC9F322A8}.Debug|x86.ActiveCfg = Debug|Win32
		{DD8B3419-11A1-4AC3-8990-505EC9F322A8}.Debug|x86.Build.0 = Debug|Win32
		{DD8B3419-11A1-4AC3-8990-505EC9F322A8}.Release|x64.ActiveCfg = Release|x64
		{DD8B3419-11A1-4AC3-8990-505EC9F322A8}.Release|x64.Build.0 = Release|x64
		{DD8B3419-11A1-4AC3-8990-505EC9F322A8}.Release|x86.ActiveCfg = Release|Win32
		{DD8B3419-11A1-4AC3-8990-505EC9F322A8}.Release|x86.Build.0 = Release|Win32
		{B735352A-D1C8-4FEF-9714-760A20ADEB87}.Debug|x64.ActiveCfg = Debug|x64
		{B735352A-D1C8-4FEF-9714-760A20ADEB87}.Debug|x64.Build.0 = Debug|x64
		{B735352A-D1C8-4FEF-9714-760A20ADEB87}.Debug|x86.ActiveCfg = Debug|Win32
		{B735352A-D1C8-4FEF-9714-760A20ADEB87}.Debug|x86.Build.0 = Debug|Win32
		{B735352A-D1C8-4FEF-9714-760A20ADEB87}.Release|x64.ActiveCfg = Release|x64
		{B735352A-D1C8-4FEF-9714-760A20ADEB87}.Release|x64.Build.0 = Release|x64
		{B735352A-D1C8-4FEF-9714-760A20ADEB87}.Release|x86.ActiveCfg = Release|Win32
		{B735352A-D1C8-4FEF-9714-760A20ADEB87}.Release|x86.Build.0 = Release|Win32
		{98235D3E-C197-47E8-81AE-2452C5BB7A60}.Debug|x64.ActiveCfg = Debug|x64
		{98235D3E-C197-47E8-81AE-2452C5BB7A60}.Debug|x64.Build.0 = Debug|x64
		{98235D3E-C197-47E8-81AE-2452C5BB7A60}.Debug|x86.ActiveCfg = Debug|Win32
		{98235D3E-C197-47E8-81AE-2452C5BB7A60}.Debug|x86.Build.0 = Debug|Win32
		{98235D3E-C197-47E8-81AE-2452C5BB7A60}.Release|x64.ActiveCfg = Release|x64
		{98235D3E-C197-47E8-81AE-2452C5BB7A60}.Release|x64.Build.0 = Release|x64
		{98235D3E-C197-47E8-81AE-2452C5BB7A60}.Release|x86.ActiveCfg = Release|Win32
		{98235D3E-C197-47E8-81AE-2452C5BB7A60}.Release|x86.Build.0 = Release|Win32
		{273EA48B-4349-42AF-8D2B-11035518099A}.Debug|x64.ActiveCfg = Debug|x64
		{273EA48B-4349-42AF-8D2B-11035518099A}.Debug|x64.Build.0 = Debug|x64
		{273EA48B-4349-42AF-8D2B-11035518099A}.Debug|x86.ActiveCfg = Debug|Win32
		{273EA48B-4349-42AF-8D2B-11035518099A}.Debug|x86.Build.0 = Debug|Win32
		{273EA48B-4349-42AF-8D2B-11035518099A}.Release|x64.ActiveCfg = Release|x64
		{273EA48B-4349-42AF-8D2B-11035518099A}.Release|x64.Build.0 = Release|x64
		{273EA48B-4349-42AF-8D2B-11035518099A}.Release|x86.ActiveCfg = Release|Win32
		{273EA48B-4349-42AF-8D2B-11035518099A}.Release|x86.Build.0 = Release|Win32
		{43795CC2-AFCC-4E07-8278-CE51F224216D}.Debug|x64.ActiveCfg = Debug|x64
		{43795CC2-AFCC-4E07-8278-CE51F224216D}.Debug|x64.Build.0 = Debug|x64
		{43795CC2-AFCC-4E07-8278-CE51F224216D}.Debug|x86.ActiveCfg = Debug|Win32
		{43795CC2-AFCC-4E07-8278-CE51F224216D}.Debug|x86.Build.0 = Debug|Win32
		{43795CC2-AFCC-4E07-8278-CE51F224216D}.Release|x64.ActiveCfg = Release|x64
		{43795CC2-AFCC-4E07-8278-CE51F224216D}.Release|x64.Build.0 = Release|x64
		{43795CC2-AFCC-4E07-8278-CE51F224216D}.Release|x86.ActiveCfg = Release|Win32
		{43795CC2-AFCC-4E07-8278-CE51F224216D}.Release|x86.Build.0 = Release|Win32
		{C5D1FD1D-347C-4D1E-95B8-DAE3D218F79B}.Debug|x64.ActiveCfg = Debug|x64
		{C5D1FD1D-347C-4D1E-95B8-DAE3D218F79B}.Debug|x64.Build.0 = Debug|x64
		{C5D1FD1D-347C-4D1E-95B8-DAE3D218F79B}.Debug|x86.ActiveCfg = Debug|Win32
		{C5D1FD1D-347C-4D1E-95B8-DAE3D218F79B}.Debug|x86.Build.0 = Debug|Win32
		{C5D1FD1D-347C-4D1E-95B8-DAE3D218F79B}.Release|x64.ActiveCfg = Release|x64
		{C5D1FD1D-347C-4D1E-95B8-DAE3D218F79B}.Release|x64.Build.0 = Release|x64
		{C5D1FD1D-347C-4D1E-95B8-DAE3D218F79B}.Release|x86.ActiveCfg = Release|Win32
		{C5D1FD1D-347C-4D1E-95B8-DAE3D218F79B}.Release|x86.Build.0 = Release|Win32
		{07454AF6-1DC6-4CA7-ABDC-B85709177F8B}.Debug|x64.ActiveCfg = Debug|x64
		{07454AF6-1DC6-4CA7-ABDC-B85709177F8B}.Debug|x64.Build.0 = Debug|x64
		{07454AF6-1DC6-4CA7-ABDC-B85709177F8B}.Debug|x86.ActiveCfg = Debug|Win32
		{07454AF6-1DC6-4CA7-ABDC-B85709177F8B}.Debug|x86.Build.0 = Debug|Win32
		{07454AF6-1DC6-4CA7-ABDC-B85709177F8B}.Release|x64.ActiveCfg = Release|x64
		{07454AF6-1DC6-4CA7-ABDC-B85709177F8B}.Release|x64.Build.0 = Release|x64
		{07454AF6-1DC6-4CA7-ABDC-B85709177F8B}.Release|x86.ActiveCfg = Release|Win32
		{07454AF6-1DC6-4CA7-ABDC-B85709177F8B}.Release|x86.Build.0 = Release|Win32
	EndGlobalSection
	GlobalSection(SolutionProperties) = preSolution
		HideSolutionNode = FALSE
	EndGlobalSection
	GlobalSection(ExtensibilityGlobals) = postSolution
		SolutionGuid = {4D43A0E3-78EB-4BEF-BE84-9B28E3901105}
	EndGlobalSection
EndGlobal
